// !$*UTF8*$!
{
	archiveVersion = 1;
	classes = {
	};
	objectVersion = 55;
	objects = {

/* Begin PBXBuildFile section */
		975DBE732890DD76008F32FF /* AppDelegate.swift in Sources */ = {isa = PBXBuildFile; fileRef = 975DBE722890DD76008F32FF /* AppDelegate.swift */; };
		975DBE752890DD76008F32FF /* SceneDelegate.swift in Sources */ = {isa = PBXBuildFile; fileRef = 975DBE742890DD76008F32FF /* SceneDelegate.swift */; };
		975DBE7A2890DD76008F32FF /* Main.storyboard in Resources */ = {isa = PBXBuildFile; fileRef = 975DBE782890DD76008F32FF /* Main.storyboard */; };
		975DBE7C2890DD77008F32FF /* Assets.xcassets in Resources */ = {isa = PBXBuildFile; fileRef = 975DBE7B2890DD77008F32FF /* Assets.xcassets */; };
		975DBE7F2890DD77008F32FF /* LaunchScreen.storyboard in Resources */ = {isa = PBXBuildFile; fileRef = 975DBE7D2890DD77008F32FF /* LaunchScreen.storyboard */; };
		975DBE872890E1F4008F32FF /* SearchViewController.swift in Sources */ = {isa = PBXBuildFile; fileRef = 975DBE862890E1F4008F32FF /* SearchViewController.swift */; };
		975DBE8A2890E4C9008F32FF /* ListTableViewCell.swift in Sources */ = {isa = PBXBuildFile; fileRef = 975DBE882890E4C9008F32FF /* ListTableViewCell.swift */; };
		975DBE8B2890E4C9008F32FF /* ListTableViewCell.xib in Resources */ = {isa = PBXBuildFile; fileRef = 975DBE892890E4C9008F32FF /* ListTableViewCell.xib */; };
		976CAE4B2897527E00F3319B /* ReusableViewProtocol.swift in Sources */ = {isa = PBXBuildFile; fileRef = 976CAE4A2897527E00F3319B /* ReusableViewProtocol.swift */; };
		976CAE4E2897579B00F3319B /* Constant.swift in Sources */ = {isa = PBXBuildFile; fileRef = 976CAE4D2897579B00F3319B /* Constant.swift */; };
		976CAE5028975FB400F3319B /* UserDefaultsHelper.swift in Sources */ = {isa = PBXBuildFile; fileRef = 976CAE4F28975FB400F3319B /* UserDefaultsHelper.swift */; };
		976CAE5328977CDC00F3319B /* Alamofire in Frameworks */ = {isa = PBXBuildFile; productRef = 976CAE5228977CDC00F3319B /* Alamofire */; };
		976CAE5628977CFF00F3319B /* SwiftyJSON in Frameworks */ = {isa = PBXBuildFile; productRef = 976CAE5528977CFF00F3319B /* SwiftyJSON */; };
		976CAE582897C12E00F3319B /* BeerViewController.swift in Sources */ = {isa = PBXBuildFile; fileRef = 976CAE572897C12E00F3319B /* BeerViewController.swift */; };
		976CAE5B2897C14800F3319B /* Beer.storyboard in Resources */ = {isa = PBXBuildFile; fileRef = 976CAE5A2897C14800F3319B /* Beer.storyboard */; };
		976CAE5E2897CBAC00F3319B /* Kingfisher in Frameworks */ = {isa = PBXBuildFile; productRef = 976CAE5D2897CBAC00F3319B /* Kingfisher */; };
		976FA9C828920CCF00369AA2 /* ViewPresentableProtocol.swift in Sources */ = {isa = PBXBuildFile; fileRef = 976FA9C728920CCF00369AA2 /* ViewPresentableProtocol.swift */; };
		976FA9CA28920ECA00369AA2 /* ViewController.swift in Sources */ = {isa = PBXBuildFile; fileRef = 976FA9C928920ECA00369AA2 /* ViewController.swift */; };
		976FA9CC2892236500369AA2 /* LottoViewController.swift in Sources */ = {isa = PBXBuildFile; fileRef = 976FA9CB2892236500369AA2 /* LottoViewController.swift */; };
		976FA9CE2892305100369AA2 /* TranslateViewController.swift in Sources */ = {isa = PBXBuildFile; fileRef = 976FA9CD2892305100369AA2 /* TranslateViewController.swift */; };
		976FA9D028923AC600369AA2 /* WebViewController.swift in Sources */ = {isa = PBXBuildFile; fileRef = 976FA9CF28923AC600369AA2 /* WebViewController.swift */; };
		9782959928935D4100BE2368 /* LocationViewController.swift in Sources */ = {isa = PBXBuildFile; fileRef = 9782959828935D4100BE2368 /* LocationViewController.swift */; };
		9782959C289384EF00BE2368 /* Cafe24SsurroundAir.ttf in Resources */ = {isa = PBXBuildFile; fileRef = 9782959B289384EF00BE2368 /* Cafe24SsurroundAir.ttf */; };
		9782959E289384FA00BE2368 /* Cafe24Ohsquareair.ttf in Resources */ = {isa = PBXBuildFile; fileRef = 9782959D289384FA00BE2368 /* Cafe24Ohsquareair.ttf */; };
		9795D36C289A475C003F2BA0 /* ImageModel.swift in Sources */ = {isa = PBXBuildFile; fileRef = 9795D36B289A475C003F2BA0 /* ImageModel.swift */; };
		9795D36F289A485F003F2BA0 /* ImageCollectionViewCell.swift in Sources */ = {isa = PBXBuildFile; fileRef = 9795D36D289A485F003F2BA0 /* ImageCollectionViewCell.swift */; };
		9795D370289A485F003F2BA0 /* ImageCollectionViewCell.xib in Resources */ = {isa = PBXBuildFile; fileRef = 9795D36E289A485F003F2BA0 /* ImageCollectionViewCell.xib */; };
		979AA3CE289CB3F4009378EC /* ImageSearchAPIManager.swift in Sources */ = {isa = PBXBuildFile; fileRef = 979AA3CD289CB3F4009378EC /* ImageSearchAPIManager.swift */; };
		97A1928F28B3A3160053E452 /* Realm in Frameworks */ = {isa = PBXBuildFile; productRef = 97A1928E28B3A3160053E452 /* Realm */; };
		97A1929128B3A3160053E452 /* RealmSwift in Frameworks */ = {isa = PBXBuildFile; productRef = 97A1929028B3A3160053E452 /* RealmSwift */; };
		97A1929328B3A4F50053E452 /* RealmModel.swift in Sources */ = {isa = PBXBuildFile; fileRef = 97A1929228B3A4F50053E452 /* RealmModel.swift */; };
		97E5A42A2898BD2700FFCB3D /* BoxOfficeModel.swift in Sources */ = {isa = PBXBuildFile; fileRef = 97E5A4292898BD2700FFCB3D /* BoxOfficeModel.swift */; };
		97E5A42C2899841600FFCB3D /* BeerModel.swift in Sources */ = {isa = PBXBuildFile; fileRef = 97E5A42B2899841600FFCB3D /* BeerModel.swift */; };
		97E5A42E28999FE900FFCB3D /* BeerListViewController.swift in Sources */ = {isa = PBXBuildFile; fileRef = 97E5A42D28999FE900FFCB3D /* BeerListViewController.swift */; };
		97E5A4312899A17100FFCB3D /* BeerListTableViewCell.swift in Sources */ = {isa = PBXBuildFile; fileRef = 97E5A42F2899A17100FFCB3D /* BeerListTableViewCell.swift */; };
		97E5A4322899A17100FFCB3D /* BeerListTableViewCell.xib in Resources */ = {isa = PBXBuildFile; fileRef = 97E5A4302899A17100FFCB3D /* BeerListTableViewCell.xib */; };
		97E5A487289A095800FFCB3D /* ImageSearchViewController.swift in Sources */ = {isa = PBXBuildFile; fileRef = 97E5A486289A095800FFCB3D /* ImageSearchViewController.swift */; };
		97ECF172289B4F9400A550F5 /* JGProgressHUD in Frameworks */ = {isa = PBXBuildFile; productRef = 97ECF171289B4F9400A550F5 /* JGProgressHUD */; };
/* End PBXBuildFile section */

/* Begin PBXFileReference section */
		975DBE6F2890DD76008F32FF /* Sesac_NetworkBasic.app */ = {isa = PBXFileReference; explicitFileType = wrapper.application; includeInIndex = 0; path = Sesac_NetworkBasic.app; sourceTree = BUILT_PRODUCTS_DIR; };
		975DBE722890DD76008F32FF /* AppDelegate.swift */ = {isa = PBXFileReference; lastKnownFileType = sourcecode.swift; path = AppDelegate.swift; sourceTree = "<group>"; };
		975DBE742890DD76008F32FF /* SceneDelegate.swift */ = {isa = PBXFileReference; lastKnownFileType = sourcecode.swift; path = SceneDelegate.swift; sourceTree = "<group>"; };
		975DBE792890DD76008F32FF /* Base */ = {isa = PBXFileReference; lastKnownFileType = file.storyboard; name = Base; path = Base.lproj/Main.storyboard; sourceTree = "<group>"; };
		975DBE7B2890DD77008F32FF /* Assets.xcassets */ = {isa = PBXFileReference; lastKnownFileType = folder.assetcatalog; path = Assets.xcassets; sourceTree = "<group>"; };
		975DBE7E2890DD77008F32FF /* Base */ = {isa = PBXFileReference; lastKnownFileType = file.storyboard; name = Base; path = Base.lproj/LaunchScreen.storyboard; sourceTree = "<group>"; };
		975DBE802890DD77008F32FF /* Info.plist */ = {isa = PBXFileReference; lastKnownFileType = text.plist.xml; path = Info.plist; sourceTree = "<group>"; };
		975DBE862890E1F4008F32FF /* SearchViewController.swift */ = {isa = PBXFileReference; lastKnownFileType = sourcecode.swift; path = SearchViewController.swift; sourceTree = "<group>"; };
		975DBE882890E4C9008F32FF /* ListTableViewCell.swift */ = {isa = PBXFileReference; lastKnownFileType = sourcecode.swift; path = ListTableViewCell.swift; sourceTree = "<group>"; };
		975DBE892890E4C9008F32FF /* ListTableViewCell.xib */ = {isa = PBXFileReference; lastKnownFileType = file.xib; path = ListTableViewCell.xib; sourceTree = "<group>"; };
		976CAE4A2897527E00F3319B /* ReusableViewProtocol.swift */ = {isa = PBXFileReference; lastKnownFileType = sourcecode.swift; path = ReusableViewProtocol.swift; sourceTree = "<group>"; };
		976CAE4D2897579B00F3319B /* Constant.swift */ = {isa = PBXFileReference; lastKnownFileType = sourcecode.swift; path = Constant.swift; sourceTree = "<group>"; };
		976CAE4F28975FB400F3319B /* UserDefaultsHelper.swift */ = {isa = PBXFileReference; lastKnownFileType = sourcecode.swift; path = UserDefaultsHelper.swift; sourceTree = "<group>"; };
		976CAE572897C12E00F3319B /* BeerViewController.swift */ = {isa = PBXFileReference; lastKnownFileType = sourcecode.swift; path = BeerViewController.swift; sourceTree = "<group>"; };
		976CAE5A2897C14800F3319B /* Beer.storyboard */ = {isa = PBXFileReference; lastKnownFileType = file.storyboard; path = Beer.storyboard; sourceTree = "<group>"; };
		976FA9C728920CCF00369AA2 /* ViewPresentableProtocol.swift */ = {isa = PBXFileReference; lastKnownFileType = sourcecode.swift; path = ViewPresentableProtocol.swift; sourceTree = "<group>"; };
		976FA9C928920ECA00369AA2 /* ViewController.swift */ = {isa = PBXFileReference; lastKnownFileType = sourcecode.swift; path = ViewController.swift; sourceTree = "<group>"; };
		976FA9CB2892236500369AA2 /* LottoViewController.swift */ = {isa = PBXFileReference; lastKnownFileType = sourcecode.swift; path = LottoViewController.swift; sourceTree = "<group>"; };
		976FA9CD2892305100369AA2 /* TranslateViewController.swift */ = {isa = PBXFileReference; lastKnownFileType = sourcecode.swift; path = TranslateViewController.swift; sourceTree = "<group>"; };
		976FA9CF28923AC600369AA2 /* WebViewController.swift */ = {isa = PBXFileReference; lastKnownFileType = sourcecode.swift; path = WebViewController.swift; sourceTree = "<group>"; };
		9782959828935D4100BE2368 /* LocationViewController.swift */ = {isa = PBXFileReference; lastKnownFileType = sourcecode.swift; path = LocationViewController.swift; sourceTree = "<group>"; };
		9782959B289384EF00BE2368 /* Cafe24SsurroundAir.ttf */ = {isa = PBXFileReference; lastKnownFileType = file; path = Cafe24SsurroundAir.ttf; sourceTree = "<group>"; };
		9782959D289384FA00BE2368 /* Cafe24Ohsquareair.ttf */ = {isa = PBXFileReference; lastKnownFileType = file; path = Cafe24Ohsquareair.ttf; sourceTree = "<group>"; };
		9795D36B289A475C003F2BA0 /* ImageModel.swift */ = {isa = PBXFileReference; lastKnownFileType = sourcecode.swift; path = ImageModel.swift; sourceTree = "<group>"; };
		9795D36D289A485F003F2BA0 /* ImageCollectionViewCell.swift */ = {isa = PBXFileReference; lastKnownFileType = sourcecode.swift; path = ImageCollectionViewCell.swift; sourceTree = "<group>"; };
		9795D36E289A485F003F2BA0 /* ImageCollectionViewCell.xib */ = {isa = PBXFileReference; lastKnownFileType = file.xib; path = ImageCollectionViewCell.xib; sourceTree = "<group>"; };
		979AA3CD289CB3F4009378EC /* ImageSearchAPIManager.swift */ = {isa = PBXFileReference; lastKnownFileType = sourcecode.swift; path = ImageSearchAPIManager.swift; sourceTree = "<group>"; };
		97A1929228B3A4F50053E452 /* RealmModel.swift */ = {isa = PBXFileReference; lastKnownFileType = sourcecode.swift; path = RealmModel.swift; sourceTree = "<group>"; };
		97E5A4292898BD2700FFCB3D /* BoxOfficeModel.swift */ = {isa = PBXFileReference; lastKnownFileType = sourcecode.swift; path = BoxOfficeModel.swift; sourceTree = "<group>"; };
		97E5A42B2899841600FFCB3D /* BeerModel.swift */ = {isa = PBXFileReference; lastKnownFileType = sourcecode.swift; path = BeerModel.swift; sourceTree = "<group>"; };
		97E5A42D28999FE900FFCB3D /* BeerListViewController.swift */ = {isa = PBXFileReference; lastKnownFileType = sourcecode.swift; path = BeerListViewController.swift; sourceTree = "<group>"; };
		97E5A42F2899A17100FFCB3D /* BeerListTableViewCell.swift */ = {isa = PBXFileReference; lastKnownFileType = sourcecode.swift; path = BeerListTableViewCell.swift; sourceTree = "<group>"; };
		97E5A4302899A17100FFCB3D /* BeerListTableViewCell.xib */ = {isa = PBXFileReference; lastKnownFileType = file.xib; path = BeerListTableViewCell.xib; sourceTree = "<group>"; };
		97E5A486289A095800FFCB3D /* ImageSearchViewController.swift */ = {isa = PBXFileReference; lastKnownFileType = sourcecode.swift; path = ImageSearchViewController.swift; sourceTree = "<group>"; };
/* End PBXFileReference section */

/* Begin PBXFrameworksBuildPhase section */
		975DBE6C2890DD76008F32FF /* Frameworks */ = {
			isa = PBXFrameworksBuildPhase;
			buildActionMask = 2147483647;
			files = (
				97A1929128B3A3160053E452 /* RealmSwift in Frameworks */,
				97ECF172289B4F9400A550F5 /* JGProgressHUD in Frameworks */,
				976CAE5E2897CBAC00F3319B /* Kingfisher in Frameworks */,
				976CAE5628977CFF00F3319B /* SwiftyJSON in Frameworks */,
				976CAE5328977CDC00F3319B /* Alamofire in Frameworks */,
				97A1928F28B3A3160053E452 /* Realm in Frameworks */,
			);
			runOnlyForDeploymentPostprocessing = 0;
		};
/* End PBXFrameworksBuildPhase section */

/* Begin PBXGroup section */
		975DBE662890DD76008F32FF = {
			isa = PBXGroup;
			children = (
				975DBE712890DD76008F32FF /* Sesac_NetworkBasic */,
				975DBE702890DD76008F32FF /* Products */,
			);
			sourceTree = "<group>";
		};
		975DBE702890DD76008F32FF /* Products */ = {
			isa = PBXGroup;
			children = (
				975DBE6F2890DD76008F32FF /* Sesac_NetworkBasic.app */,
			);
			name = Products;
			sourceTree = "<group>";
		};
		975DBE712890DD76008F32FF /* Sesac_NetworkBasic */ = {
			isa = PBXGroup;
			children = (
				979AA3CC289CB3CF009378EC /* APIManager */,
				9795D371289A4866003F2BA0 /* Image */,
				976CAE4C2897577A00F3319B /* Constant */,
				9782959A289383FA00BE2368 /* Resource */,
				975DBE722890DD76008F32FF /* AppDelegate.swift */,
				975DBE742890DD76008F32FF /* SceneDelegate.swift */,
				975DBE7B2890DD77008F32FF /* Assets.xcassets */,
				975DBE7D2890DD77008F32FF /* LaunchScreen.storyboard */,
				975DBE802890DD77008F32FF /* Info.plist */,
				975DBE782890DD76008F32FF /* Main.storyboard */,
				9782959828935D4100BE2368 /* LocationViewController.swift */,
				976FA9CF28923AC600369AA2 /* WebViewController.swift */,
				976FA9CB2892236500369AA2 /* LottoViewController.swift */,
				976FA9CD2892305100369AA2 /* TranslateViewController.swift */,
				975DBE892890E4C9008F32FF /* ListTableViewCell.xib */,
				975DBE882890E4C9008F32FF /* ListTableViewCell.swift */,
				975DBE862890E1F4008F32FF /* SearchViewController.swift */,
				97A1929228B3A4F50053E452 /* RealmModel.swift */,
				976FA9C928920ECA00369AA2 /* ViewController.swift */,
				976CAE592897C13600F3319B /* Beer */,
				976FA9C528920C9E00369AA2 /* Protocol */,
				97E5A4292898BD2700FFCB3D /* BoxOfficeModel.swift */,
				97E5A42B2899841600FFCB3D /* BeerModel.swift */,
				9795D36B289A475C003F2BA0 /* ImageModel.swift */,
			);
			path = Sesac_NetworkBasic;
			sourceTree = "<group>";
		};
		976CAE4C2897577A00F3319B /* Constant */ = {
			isa = PBXGroup;
			children = (
				976CAE4D2897579B00F3319B /* Constant.swift */,
				976CAE4F28975FB400F3319B /* UserDefaultsHelper.swift */,
			);
			path = Constant;
			sourceTree = "<group>";
		};
		976CAE592897C13600F3319B /* Beer */ = {
			isa = PBXGroup;
			children = (
				976CAE572897C12E00F3319B /* BeerViewController.swift */,
				976CAE5A2897C14800F3319B /* Beer.storyboard */,
				97E5A42D28999FE900FFCB3D /* BeerListViewController.swift */,
				97E5A42F2899A17100FFCB3D /* BeerListTableViewCell.swift */,
				97E5A4302899A17100FFCB3D /* BeerListTableViewCell.xib */,
			);
			path = Beer;
			sourceTree = "<group>";
		};
		976FA9C528920C9E00369AA2 /* Protocol */ = {
			isa = PBXGroup;
			children = (
				976FA9C728920CCF00369AA2 /* ViewPresentableProtocol.swift */,
				976CAE4A2897527E00F3319B /* ReusableViewProtocol.swift */,
			);
			path = Protocol;
			sourceTree = "<group>";
		};
		9782959A289383FA00BE2368 /* Resource */ = {
			isa = PBXGroup;
			children = (
				9782959D289384FA00BE2368 /* Cafe24Ohsquareair.ttf */,
				9782959B289384EF00BE2368 /* Cafe24SsurroundAir.ttf */,
			);
			path = Resource;
			sourceTree = "<group>";
		};
		9795D371289A4866003F2BA0 /* Image */ = {
			isa = PBXGroup;
			children = (
				97E5A486289A095800FFCB3D /* ImageSearchViewController.swift */,
				9795D36D289A485F003F2BA0 /* ImageCollectionViewCell.swift */,
				9795D36E289A485F003F2BA0 /* ImageCollectionViewCell.xib */,
			);
			path = Image;
			sourceTree = "<group>";
		};
		979AA3CC289CB3CF009378EC /* APIManager */ = {
			isa = PBXGroup;
			children = (
				979AA3CD289CB3F4009378EC /* ImageSearchAPIManager.swift */,
			);
			path = APIManager;
			sourceTree = "<group>";
		};
/* End PBXGroup section */

/* Begin PBXNativeTarget section */
		975DBE6E2890DD76008F32FF /* Sesac_NetworkBasic */ = {
			isa = PBXNativeTarget;
			buildConfigurationList = 975DBE832890DD77008F32FF /* Build configuration list for PBXNativeTarget "Sesac_NetworkBasic" */;
			buildPhases = (
				975DBE6B2890DD76008F32FF /* Sources */,
				975DBE6C2890DD76008F32FF /* Frameworks */,
				975DBE6D2890DD76008F32FF /* Resources */,
			);
			buildRules = (
			);
			dependencies = (
			);
			name = Sesac_NetworkBasic;
			packageProductDependencies = (
				976CAE5228977CDC00F3319B /* Alamofire */,
				976CAE5528977CFF00F3319B /* SwiftyJSON */,
				976CAE5D2897CBAC00F3319B /* Kingfisher */,
				97ECF171289B4F9400A550F5 /* JGProgressHUD */,
				97A1928E28B3A3160053E452 /* Realm */,
				97A1929028B3A3160053E452 /* RealmSwift */,
			);
			productName = Sesac_NetworkBasic;
			productReference = 975DBE6F2890DD76008F32FF /* Sesac_NetworkBasic.app */;
			productType = "com.apple.product-type.application";
		};
/* End PBXNativeTarget section */

/* Begin PBXProject section */
		975DBE672890DD76008F32FF /* Project object */ = {
			isa = PBXProject;
			attributes = {
				BuildIndependentTargetsInParallel = 1;
				LastSwiftUpdateCheck = 1340;
				LastUpgradeCheck = 1340;
				TargetAttributes = {
					975DBE6E2890DD76008F32FF = {
						CreatedOnToolsVersion = 13.4.1;
					};
				};
			};
			buildConfigurationList = 975DBE6A2890DD76008F32FF /* Build configuration list for PBXProject "Sesac_NetworkBasic" */;
			compatibilityVersion = "Xcode 13.0";
			developmentRegion = en;
			hasScannedForEncodings = 0;
			knownRegions = (
				en,
				Base,
			);
			mainGroup = 975DBE662890DD76008F32FF;
			packageReferences = (
				976CAE5128977CDC00F3319B /* XCRemoteSwiftPackageReference "Alamofire" */,
				976CAE5428977CFF00F3319B /* XCRemoteSwiftPackageReference "SwiftyJSON" */,
				976CAE5C2897CBAC00F3319B /* XCRemoteSwiftPackageReference "Kingfisher" */,
				97ECF170289B4F9400A550F5 /* XCRemoteSwiftPackageReference "JGProgressHUD" */,
				97A1928D28B3A3160053E452 /* XCRemoteSwiftPackageReference "realm-swift" */,
			);
			productRefGroup = 975DBE702890DD76008F32FF /* Products */;
			projectDirPath = "";
			projectRoot = "";
			targets = (
				975DBE6E2890DD76008F32FF /* Sesac_NetworkBasic */,
			);
		};
/* End PBXProject section */

/* Begin PBXResourcesBuildPhase section */
		975DBE6D2890DD76008F32FF /* Resources */ = {
			isa = PBXResourcesBuildPhase;
			buildActionMask = 2147483647;
			files = (
				975DBE7F2890DD77008F32FF /* LaunchScreen.storyboard in Resources */,
				975DBE8B2890E4C9008F32FF /* ListTableViewCell.xib in Resources */,
				9782959E289384FA00BE2368 /* Cafe24Ohsquareair.ttf in Resources */,
				976CAE5B2897C14800F3319B /* Beer.storyboard in Resources */,
				9782959C289384EF00BE2368 /* Cafe24SsurroundAir.ttf in Resources */,
				975DBE7C2890DD77008F32FF /* Assets.xcassets in Resources */,
				975DBE7A2890DD76008F32FF /* Main.storyboard in Resources */,
				9795D370289A485F003F2BA0 /* ImageCollectionViewCell.xib in Resources */,
				97E5A4322899A17100FFCB3D /* BeerListTableViewCell.xib in Resources */,
			);
			runOnlyForDeploymentPostprocessing = 0;
		};
/* End PBXResourcesBuildPhase section */

/* Begin PBXSourcesBuildPhase section */
		975DBE6B2890DD76008F32FF /* Sources */ = {
			isa = PBXSourcesBuildPhase;
			buildActionMask = 2147483647;
			files = (
				976FA9CA28920ECA00369AA2 /* ViewController.swift in Sources */,
				976CAE5028975FB400F3319B /* UserDefaultsHelper.swift in Sources */,
				976CAE582897C12E00F3319B /* BeerViewController.swift in Sources */,
				9795D36F289A485F003F2BA0 /* ImageCollectionViewCell.swift in Sources */,
				97E5A42A2898BD2700FFCB3D /* BoxOfficeModel.swift in Sources */,
				976FA9D028923AC600369AA2 /* WebViewController.swift in Sources */,
				975DBE872890E1F4008F32FF /* SearchViewController.swift in Sources */,
				975DBE8A2890E4C9008F32FF /* ListTableViewCell.swift in Sources */,
				976FA9CC2892236500369AA2 /* LottoViewController.swift in Sources */,
				9782959928935D4100BE2368 /* LocationViewController.swift in Sources */,
				97E5A42E28999FE900FFCB3D /* BeerListViewController.swift in Sources */,
				97E5A42C2899841600FFCB3D /* BeerModel.swift in Sources */,
				9795D36C289A475C003F2BA0 /* ImageModel.swift in Sources */,
				97E5A4312899A17100FFCB3D /* BeerListTableViewCell.swift in Sources */,
				976FA9C828920CCF00369AA2 /* ViewPresentableProtocol.swift in Sources */,
				976FA9CE2892305100369AA2 /* TranslateViewController.swift in Sources */,
				975DBE732890DD76008F32FF /* AppDelegate.swift in Sources */,
				976CAE4B2897527E00F3319B /* ReusableViewProtocol.swift in Sources */,
				975DBE752890DD76008F32FF /* SceneDelegate.swift in Sources */,
				97E5A487289A095800FFCB3D /* ImageSearchViewController.swift in Sources */,
				979AA3CE289CB3F4009378EC /* ImageSearchAPIManager.swift in Sources */,
				976CAE4E2897579B00F3319B /* Constant.swift in Sources */,
				97A1929328B3A4F50053E452 /* RealmModel.swift in Sources */,
			);
			runOnlyForDeploymentPostprocessing = 0;
		};
/* End PBXSourcesBuildPhase section */

/* Begin PBXVariantGroup section */
		975DBE782890DD76008F32FF /* Main.storyboard */ = {
			isa = PBXVariantGroup;
			children = (
				975DBE792890DD76008F32FF /* Base */,
			);
			name = Main.storyboard;
			sourceTree = "<group>";
		};
		975DBE7D2890DD77008F32FF /* LaunchScreen.storyboard */ = {
			isa = PBXVariantGroup;
			children = (
				975DBE7E2890DD77008F32FF /* Base */,
			);
			name = LaunchScreen.storyboard;
			sourceTree = "<group>";
		};
/* End PBXVariantGroup section */

/* Begin XCBuildConfiguration section */
		975DBE812890DD77008F32FF /* Debug */ = {
			isa = XCBuildConfiguration;
			buildSettings = {
				ALWAYS_SEARCH_USER_PATHS = NO;
				CLANG_ANALYZER_NONNULL = YES;
				CLANG_ANALYZER_NUMBER_OBJECT_CONVERSION = YES_AGGRESSIVE;
				CLANG_CXX_LANGUAGE_STANDARD = "gnu++17";
				CLANG_ENABLE_MODULES = YES;
				CLANG_ENABLE_OBJC_ARC = YES;
				CLANG_ENABLE_OBJC_WEAK = YES;
				CLANG_WARN_BLOCK_CAPTURE_AUTORELEASING = YES;
				CLANG_WARN_BOOL_CONVERSION = YES;
				CLANG_WARN_COMMA = YES;
				CLANG_WARN_CONSTANT_CONVERSION = YES;
				CLANG_WARN_DEPRECATED_OBJC_IMPLEMENTATIONS = YES;
				CLANG_WARN_DIRECT_OBJC_ISA_USAGE = YES_ERROR;
				CLANG_WARN_DOCUMENTATION_COMMENTS = YES;
				CLANG_WARN_EMPTY_BODY = YES;
				CLANG_WARN_ENUM_CONVERSION = YES;
				CLANG_WARN_INFINITE_RECURSION = YES;
				CLANG_WARN_INT_CONVERSION = YES;
				CLANG_WARN_NON_LITERAL_NULL_CONVERSION = YES;
				CLANG_WARN_OBJC_IMPLICIT_RETAIN_SELF = YES;
				CLANG_WARN_OBJC_LITERAL_CONVERSION = YES;
				CLANG_WARN_OBJC_ROOT_CLASS = YES_ERROR;
				CLANG_WARN_QUOTED_INCLUDE_IN_FRAMEWORK_HEADER = YES;
				CLANG_WARN_RANGE_LOOP_ANALYSIS = YES;
				CLANG_WARN_STRICT_PROTOTYPES = YES;
				CLANG_WARN_SUSPICIOUS_MOVE = YES;
				CLANG_WARN_UNGUARDED_AVAILABILITY = YES_AGGRESSIVE;
				CLANG_WARN_UNREACHABLE_CODE = YES;
				CLANG_WARN__DUPLICATE_METHOD_MATCH = YES;
				COPY_PHASE_STRIP = NO;
				DEBUG_INFORMATION_FORMAT = dwarf;
				ENABLE_STRICT_OBJC_MSGSEND = YES;
				ENABLE_TESTABILITY = YES;
				GCC_C_LANGUAGE_STANDARD = gnu11;
				GCC_DYNAMIC_NO_PIC = NO;
				GCC_NO_COMMON_BLOCKS = YES;
				GCC_OPTIMIZATION_LEVEL = 0;
				GCC_PREPROCESSOR_DEFINITIONS = (
					"DEBUG=1",
					"$(inherited)",
				);
				GCC_WARN_64_TO_32_BIT_CONVERSION = YES;
				GCC_WARN_ABOUT_RETURN_TYPE = YES_ERROR;
				GCC_WARN_UNDECLARED_SELECTOR = YES;
				GCC_WARN_UNINITIALIZED_AUTOS = YES_AGGRESSIVE;
				GCC_WARN_UNUSED_FUNCTION = YES;
				GCC_WARN_UNUSED_VARIABLE = YES;
				IPHONEOS_DEPLOYMENT_TARGET = 15.5;
				MTL_ENABLE_DEBUG_INFO = INCLUDE_SOURCE;
				MTL_FAST_MATH = YES;
				ONLY_ACTIVE_ARCH = YES;
				SDKROOT = iphoneos;
				SWIFT_ACTIVE_COMPILATION_CONDITIONS = DEBUG;
				SWIFT_OPTIMIZATION_LEVEL = "-Onone";
			};
			name = Debug;
		};
		975DBE822890DD77008F32FF /* Release */ = {
			isa = XCBuildConfiguration;
			buildSettings = {
				ALWAYS_SEARCH_USER_PATHS = NO;
				CLANG_ANALYZER_NONNULL = YES;
				CLANG_ANALYZER_NUMBER_OBJECT_CONVERSION = YES_AGGRESSIVE;
				CLANG_CXX_LANGUAGE_STANDARD = "gnu++17";
				CLANG_ENABLE_MODULES = YES;
				CLANG_ENABLE_OBJC_ARC = YES;
				CLANG_ENABLE_OBJC_WEAK = YES;
				CLANG_WARN_BLOCK_CAPTURE_AUTORELEASING = YES;
				CLANG_WARN_BOOL_CONVERSION = YES;
				CLANG_WARN_COMMA = YES;
				CLANG_WARN_CONSTANT_CONVERSION = YES;
				CLANG_WARN_DEPRECATED_OBJC_IMPLEMENTATIONS = YES;
				CLANG_WARN_DIRECT_OBJC_ISA_USAGE = YES_ERROR;
				CLANG_WARN_DOCUMENTATION_COMMENTS = YES;
				CLANG_WARN_EMPTY_BODY = YES;
				CLANG_WARN_ENUM_CONVERSION = YES;
				CLANG_WARN_INFINITE_RECURSION = YES;
				CLANG_WARN_INT_CONVERSION = YES;
				CLANG_WARN_NON_LITERAL_NULL_CONVERSION = YES;
				CLANG_WARN_OBJC_IMPLICIT_RETAIN_SELF = YES;
				CLANG_WARN_OBJC_LITERAL_CONVERSION = YES;
				CLANG_WARN_OBJC_ROOT_CLASS = YES_ERROR;
				CLANG_WARN_QUOTED_INCLUDE_IN_FRAMEWORK_HEADER = YES;
				CLANG_WARN_RANGE_LOOP_ANALYSIS = YES;
				CLANG_WARN_STRICT_PROTOTYPES = YES;
				CLANG_WARN_SUSPICIOUS_MOVE = YES;
				CLANG_WARN_UNGUARDED_AVAILABILITY = YES_AGGRESSIVE;
				CLANG_WARN_UNREACHABLE_CODE = YES;
				CLANG_WARN__DUPLICATE_METHOD_MATCH = YES;
				COPY_PHASE_STRIP = NO;
				DEBUG_INFORMATION_FORMAT = "dwarf-with-dsym";
				ENABLE_NS_ASSERTIONS = NO;
				ENABLE_STRICT_OBJC_MSGSEND = YES;
				GCC_C_LANGUAGE_STANDARD = gnu11;
				GCC_NO_COMMON_BLOCKS = YES;
				GCC_WARN_64_TO_32_BIT_CONVERSION = YES;
				GCC_WARN_ABOUT_RETURN_TYPE = YES_ERROR;
				GCC_WARN_UNDECLARED_SELECTOR = YES;
				GCC_WARN_UNINITIALIZED_AUTOS = YES_AGGRESSIVE;
				GCC_WARN_UNUSED_FUNCTION = YES;
				GCC_WARN_UNUSED_VARIABLE = YES;
				IPHONEOS_DEPLOYMENT_TARGET = 15.5;
				MTL_ENABLE_DEBUG_INFO = NO;
				MTL_FAST_MATH = YES;
				SDKROOT = iphoneos;
				SWIFT_COMPILATION_MODE = wholemodule;
				SWIFT_OPTIMIZATION_LEVEL = "-O";
				VALIDATE_PRODUCT = YES;
			};
			name = Release;
		};
		975DBE842890DD77008F32FF /* Debug */ = {
			isa = XCBuildConfiguration;
			buildSettings = {
				ASSETCATALOG_COMPILER_APPICON_NAME = AppIcon;
				ASSETCATALOG_COMPILER_GLOBAL_ACCENT_COLOR_NAME = AccentColor;
				CODE_SIGN_STYLE = Automatic;
				CURRENT_PROJECT_VERSION = 1;
				DEVELOPMENT_TEAM = 3C6U386B4C;
				GENERATE_INFOPLIST_FILE = YES;
				INFOPLIST_FILE = Sesac_NetworkBasic/Info.plist;
				INFOPLIST_KEY_UIApplicationSupportsIndirectInputEvents = YES;
				INFOPLIST_KEY_UILaunchStoryboardName = LaunchScreen;
				INFOPLIST_KEY_UIMainStoryboardFile = Main;
				INFOPLIST_KEY_UISupportedInterfaceOrientations_iPad = "UIInterfaceOrientationPortrait UIInterfaceOrientationPortraitUpsideDown UIInterfaceOrientationLandscapeLeft UIInterfaceOrientationLandscapeRight";
				INFOPLIST_KEY_UISupportedInterfaceOrientations_iPhone = "UIInterfaceOrientationPortrait UIInterfaceOrientationLandscapeLeft UIInterfaceOrientationLandscapeRight";
				LD_RUNPATH_SEARCH_PATHS = (
					"$(inherited)",
					"@executable_path/Frameworks",
				);
				MARKETING_VERSION = 1.0;
				PRODUCT_BUNDLE_IDENTIFIER = "com.hee.Sesac-NetworkBasic";
				PRODUCT_NAME = "$(TARGET_NAME)";
				SWIFT_EMIT_LOC_STRINGS = YES;
				SWIFT_VERSION = 5.0;
				TARGETED_DEVICE_FAMILY = "1,2";
			};
			name = Debug;
		};
		975DBE852890DD77008F32FF /* Release */ = {
			isa = XCBuildConfiguration;
			buildSettings = {
				ASSETCATALOG_COMPILER_APPICON_NAME = AppIcon;
				ASSETCATALOG_COMPILER_GLOBAL_ACCENT_COLOR_NAME = AccentColor;
				CODE_SIGN_STYLE = Automatic;
				CURRENT_PROJECT_VERSION = 1;
				DEVELOPMENT_TEAM = 3C6U386B4C;
				GENERATE_INFOPLIST_FILE = YES;
				INFOPLIST_FILE = Sesac_NetworkBasic/Info.plist;
				INFOPLIST_KEY_UIApplicationSupportsIndirectInputEvents = YES;
				INFOPLIST_KEY_UILaunchStoryboardName = LaunchScreen;
				INFOPLIST_KEY_UIMainStoryboardFile = Main;
				INFOPLIST_KEY_UISupportedInterfaceOrientations_iPad = "UIInterfaceOrientationPortrait UIInterfaceOrientationPortraitUpsideDown UIInterfaceOrientationLandscapeLeft UIInterfaceOrientationLandscapeRight";
				INFOPLIST_KEY_UISupportedInterfaceOrientations_iPhone = "UIInterfaceOrientationPortrait UIInterfaceOrientationLandscapeLeft UIInterfaceOrientationLandscapeRight";
				LD_RUNPATH_SEARCH_PATHS = (
					"$(inherited)",
					"@executable_path/Frameworks",
				);
				MARKETING_VERSION = 1.0;
				PRODUCT_BUNDLE_IDENTIFIER = "com.hee.Sesac-NetworkBasic";
				PRODUCT_NAME = "$(TARGET_NAME)";
				SWIFT_EMIT_LOC_STRINGS = YES;
				SWIFT_VERSION = 5.0;
				TARGETED_DEVICE_FAMILY = "1,2";
			};
			name = Release;
		};
/* End XCBuildConfiguration section */

/* Begin XCConfigurationList section */
		975DBE6A2890DD76008F32FF /* Build configuration list for PBXProject "Sesac_NetworkBasic" */ = {
			isa = XCConfigurationList;
			buildConfigurations = (
				975DBE812890DD77008F32FF /* Debug */,
				975DBE822890DD77008F32FF /* Release */,
			);
			defaultConfigurationIsVisible = 0;
			defaultConfigurationName = Release;
		};
		975DBE832890DD77008F32FF /* Build configuration list for PBXNativeTarget "Sesac_NetworkBasic" */ = {
			isa = XCConfigurationList;
			buildConfigurations = (
				975DBE842890DD77008F32FF /* Debug */,
				975DBE852890DD77008F32FF /* Release */,
			);
			defaultConfigurationIsVisible = 0;
			defaultConfigurationName = Release;
		};
/* End XCConfigurationList section */

/* Begin XCRemoteSwiftPackageReference section */
		976CAE5128977CDC00F3319B /* XCRemoteSwiftPackageReference "Alamofire" */ = {
			isa = XCRemoteSwiftPackageReference;
			repositoryURL = "https://github.com/Alamofire/Alamofire.git";
			requirement = {
				kind = upToNextMajorVersion;
				minimumVersion = 5.0.0;
			};
		};
		976CAE5428977CFF00F3319B /* XCRemoteSwiftPackageReference "SwiftyJSON" */ = {
			isa = XCRemoteSwiftPackageReference;
			repositoryURL = "https://github.com/SwiftyJSON/SwiftyJSON.git";
			requirement = {
				kind = upToNextMajorVersion;
				minimumVersion = 5.0.0;
			};
		};
		976CAE5C2897CBAC00F3319B /* XCRemoteSwiftPackageReference "Kingfisher" */ = {
			isa = XCRemoteSwiftPackageReference;
			repositoryURL = "https://github.com/onevcat/Kingfisher.git";
			requirement = {
				kind = upToNextMajorVersion;
				minimumVersion = 7.0.0;
			};
		};
		97A1928D28B3A3160053E452 /* XCRemoteSwiftPackageReference "realm-swift" */ = {
			isa = XCRemoteSwiftPackageReference;
			repositoryURL = "https://github.com/realm/realm-swift.git";
			requirement = {
				kind = upToNextMajorVersion;
				minimumVersion = 10.0.0;
			};
		};
		97ECF170289B4F9400A550F5 /* XCRemoteSwiftPackageReference "JGProgressHUD" */ = {
			isa = XCRemoteSwiftPackageReference;
			repositoryURL = "https://github.com/JonasGessner/JGProgressHUD.git";
			requirement = {
				kind = upToNextMajorVersion;
				minimumVersion = 2.0.0;
			};
		};
/* End XCRemoteSwiftPackageReference section */

/* Begin XCSwiftPackageProductDependency section */
		976CAE5228977CDC00F3319B /* Alamofire */ = {
			isa = XCSwiftPackageProductDependency;
			package = 976CAE5128977CDC00F3319B /* XCRemoteSwiftPackageReference "Alamofire" */;
			productName = Alamofire;
		};
		976CAE5528977CFF00F3319B /* SwiftyJSON */ = {
			isa = XCSwiftPackageProductDependency;
			package = 976CAE5428977CFF00F3319B /* XCRemoteSwiftPackageReference "SwiftyJSON" */;
			productName = SwiftyJSON;
		};
		976CAE5D2897CBAC00F3319B /* Kingfisher */ = {
			isa = XCSwiftPackageProductDependency;
			package = 976CAE5C2897CBAC00F3319B /* XCRemoteSwiftPackageReference "Kingfisher" */;
			productName = Kingfisher;
		};
		97A1928E28B3A3160053E452 /* Realm */ = {
			isa = XCSwiftPackageProductDependency;
			package = 97A1928D28B3A3160053E452 /* XCRemoteSwiftPackageReference "realm-swift" */;
			productName = Realm;
		};
		97A1929028B3A3160053E452 /* RealmSwift */ = {
			isa = XCSwiftPackageProductDependency;
			package = 97A1928D28B3A3160053E452 /* XCRemoteSwiftPackageReference "realm-swift" */;
			productName = RealmSwift;
		};
		97ECF171289B4F9400A550F5 /* JGProgressHUD */ = {
			isa = XCSwiftPackageProductDependency;
			package = 97ECF170289B4F9400A550F5 /* XCRemoteSwiftPackageReference "JGProgressHUD" */;
			productName = JGProgressHUD;
		};
/* End XCSwiftPackageProductDependency section */
	};
	rootObject = 975DBE672890DD76008F32FF /* Project object */;
}
